
Microsoft Visual Studio Solution File, Format Version 12.00
# Visual Studio Version 16
VisualStudioVersion = 16.0.29215.179
MinimumVisualStudioVersion = 10.0.40219.1
Project("{FAE04EC0-301F-11D3-BF4B-00C04F79EFBC}") = "calculator", "calculator\calculator.csproj", "{3E2BD0E0-E745-4960-88F8-635C1EDBF85E}"
EndProject
Global
	GlobalSection(SolutionConfigurationPlatforms) = preSolution
		Debug|Any CPU = Debug|Any CPU
		Release|Any CPU = Release|Any CPU
	EndGlobalSection
	GlobalSection(ProjectConfigurationPlatforms) = postSolution
		{3E2BD0E0-E745-4960-88F8-635C1EDBF85E}.Debug|Any CPU.ActiveCfg = Debug|Any CPU
		{3E2BD0E0-E745-4960-88F8-635C1EDBF85E}.Debug|Any CPU.Build.0 = Debug|Any CPU
		{3E2BD0E0-E745-4960-88F8-635C1EDBF85E}.Release|Any CPU.ActiveCfg = Release|Any CPU
		{3E2BD0E0-E745-4960-88F8-635C1EDBF85E}.Release|Any CPU.Build.0 = Release|Any CPU
	EndGlobalSection
	GlobalSection(SolutionProperties) = preSolution
		HideSolutionNode = FALSE
	EndGlobalSection
	GlobalSection(ExtensibilityGlobals) = postSolution
		SolutionGuid = {6289C8CC-E572-4BC9-A233-D50F6EF9F36F}
	EndGlobalSection
EndGlobal
